
Microsoft Visual Studio Solution File, Format Version 12.00
# Visual Studio Version 17
VisualStudioVersion = 17.1.32328.378
MinimumVisualStudioVersion = 10.0.40219.1
Project("{FAE04EC0-301F-11D3-BF4B-00C04F79EFBC}") = "PUC_Final_Project", "PUC_Final_Project\PUC_Final_Project.csproj", "{986DC71F-8B96-4446-BAD5-AD4908B0FAE0}"
EndProject
Global
	GlobalSection(SolutionConfigurationPlatforms) = preSolution
		Debug|Any CPU = Debug|Any CPU
		Release|Any CPU = Release|Any CPU
	EndGlobalSection
	GlobalSection(ProjectConfigurationPlatforms) = postSolution
		{986DC71F-8B96-4446-BAD5-AD4908B0FAE0}.Debug|Any CPU.ActiveCfg = Debug|Any CPU
		{986DC71F-8B96-4446-BAD5-AD4908B0FAE0}.Debug|Any CPU.Build.0 = Debug|Any CPU
		{986DC71F-8B96-4446-BAD5-AD4908B0FAE0}.Release|Any CPU.ActiveCfg = Release|Any CPU
		{986DC71F-8B96-4446-BAD5-AD4908B0FAE0}.Release|Any CPU.Build.0 = Release|Any CPU
	EndGlobalSection
	GlobalSection(SolutionProperties) = preSolution
		HideSolutionNode = FALSE
	EndGlobalSection
	GlobalSection(ExtensibilityGlobals) = postSolution
		SolutionGuid = {C0960C2E-C261-4EAA-8E01-3A128AEDA793}
	EndGlobalSection
EndGlobal
